
Microsoft Visual Studio Solution File, Format Version 12.00
# Visual Studio Version 17
VisualStudioVersion = 17.14.36623.8
MinimumVisualStudioVersion = 10.0.40219.1
Project("{FAE04EC0-301F-11D3-BF4B-00C04F79EFBC}") = "FınalProje", "FınalProje\FınalProje.csproj", "{5B3DED79-659B-4000-9CEC-E08B79C31BB1}"
EndProject
Global
	GlobalSection(SolutionConfigurationPlatforms) = preSolution
		Debug|Any CPU = Debug|Any CPU
		Release|Any CPU = Release|Any CPU
	EndGlobalSection
	GlobalSection(ProjectConfigurationPlatforms) = postSolution
		{5B3DED79-659B-4000-9CEC-E08B79C31BB1}.Debug|Any CPU.ActiveCfg = Debug|Any CPU
		{5B3DED79-659B-4000-9CEC-E08B79C31BB1}.Debug|Any CPU.Build.0 = Debug|Any CPU
		{5B3DED79-659B-4000-9CEC-E08B79C31BB1}.Release|Any CPU.ActiveCfg = Release|Any CPU
		{5B3DED79-659B-4000-9CEC-E08B79C31BB1}.Release|Any CPU.Build.0 = Release|Any CPU
	EndGlobalSection
	GlobalSection(SolutionProperties) = preSolution
		HideSolutionNode = FALSE
	EndGlobalSection
	GlobalSection(ExtensibilityGlobals) = postSolution
		SolutionGuid = {CF2500CE-A290-4020-8089-8EEAFF96DB9F}
	EndGlobalSection
EndGlobal
